
Microsoft Visual Studio Solution File, Format Version 12.00
# Visual Studio Version 17
VisualStudioVersion = 17.0.32014.148
MinimumVisualStudioVersion = 10.0.40219.1
Project("{FAE04EC0-301F-11D3-BF4B-00C04F79EFBC}") = "AngularServices", "AngularServices.csproj", "{804E4BC3-95EB-4981-9383-25E38C00B6A3}"
EndProject
Global
	GlobalSection(SolutionConfigurationPlatforms) = preSolution
		Debug|Any CPU = Debug|Any CPU
		Release|Any CPU = Release|Any CPU
	EndGlobalSection
	GlobalSection(ProjectConfigurationPlatforms) = postSolution
		{804E4BC3-95EB-4981-9383-25E38C00B6A3}.Debug|Any CPU.ActiveCfg = Debug|Any CPU
		{804E4BC3-95EB-4981-9383-25E38C00B6A3}.Debug|Any CPU.Build.0 = Debug|Any CPU
		{804E4BC3-95EB-4981-9383-25E38C00B6A3}.Release|Any CPU.ActiveCfg = Release|Any CPU
		{804E4BC3-95EB-4981-9383-25E38C00B6A3}.Release|Any CPU.Build.0 = Release|Any CPU
	EndGlobalSection
	GlobalSection(SolutionProperties) = preSolution
		HideSolutionNode = FALSE
	EndGlobalSection
	GlobalSection(ExtensibilityGlobals) = postSolution
		SolutionGuid = {D96061CF-5E56-43F0-86A2-CDA294E7AC28}
	EndGlobalSection
EndGlobal
